
Microsoft Visual Studio Solution File, Format Version 12.00
# Visual Studio Version 17
VisualStudioVersion = 17.11.35312.102
MinimumVisualStudioVersion = 10.0.40219.1
Project("{FAE04EC0-301F-11D3-BF4B-00C04F79EFBC}") = "Nahodne_dvojice", "Nahodne_dvojice\Nahodne_dvojice.csproj", "{74813CD9-EAE7-4DE4-8165-266EA9D0B749}"
EndProject
Global
	GlobalSection(SolutionConfigurationPlatforms) = preSolution
		Debug|Any CPU = Debug|Any CPU
		Release|Any CPU = Release|Any CPU
	EndGlobalSection
	GlobalSection(ProjectConfigurationPlatforms) = postSolution
		{74813CD9-EAE7-4DE4-8165-266EA9D0B749}.Debug|Any CPU.ActiveCfg = Debug|Any CPU
		{74813CD9-EAE7-4DE4-8165-266EA9D0B749}.Debug|Any CPU.Build.0 = Debug|Any CPU
		{74813CD9-EAE7-4DE4-8165-266EA9D0B749}.Release|Any CPU.ActiveCfg = Release|Any CPU
		{74813CD9-EAE7-4DE4-8165-266EA9D0B749}.Release|Any CPU.Build.0 = Release|Any CPU
	EndGlobalSection
	GlobalSection(SolutionProperties) = preSolution
		HideSolutionNode = FALSE
	EndGlobalSection
	GlobalSection(ExtensibilityGlobals) = postSolution
		SolutionGuid = {FE2E1272-D0F4-4120-A8C0-8BBCBF16A883}
	EndGlobalSection
EndGlobal
