
Microsoft Visual Studio Solution File, Format Version 12.00
# Visual Studio Version 17
VisualStudioVersion = 17.11.35312.102
MinimumVisualStudioVersion = 10.0.40219.1
Project("{FAE04EC0-301F-11D3-BF4B-00C04F79EFBC}") = "Řetízek přátelství", "Řetízek přátelství.csproj", "{7E20C54E-0B12-447F-8365-0A42F692C951}"
EndProject
Global
	GlobalSection(SolutionConfigurationPlatforms) = preSolution
		Debug|Any CPU = Debug|Any CPU
		Release|Any CPU = Release|Any CPU
	EndGlobalSection
	GlobalSection(ProjectConfigurationPlatforms) = postSolution
		{7E20C54E-0B12-447F-8365-0A42F692C951}.Debug|Any CPU.ActiveCfg = Debug|Any CPU
		{7E20C54E-0B12-447F-8365-0A42F692C951}.Debug|Any CPU.Build.0 = Debug|Any CPU
		{7E20C54E-0B12-447F-8365-0A42F692C951}.Release|Any CPU.ActiveCfg = Release|Any CPU
		{7E20C54E-0B12-447F-8365-0A42F692C951}.Release|Any CPU.Build.0 = Release|Any CPU
	EndGlobalSection
	GlobalSection(SolutionProperties) = preSolution
		HideSolutionNode = FALSE
	EndGlobalSection
	GlobalSection(ExtensibilityGlobals) = postSolution
		SolutionGuid = {0C0EA2AE-2022-431B-ABB9-23CB8CA59133}
	EndGlobalSection
EndGlobal
