
Microsoft Visual Studio Solution File, Format Version 12.00
# Visual Studio Version 17
VisualStudioVersion = 17.11.35312.102
MinimumVisualStudioVersion = 10.0.40219.1
Project("{FAE04EC0-301F-11D3-BF4B-00C04F79EFBC}") = "Jarníkův algoritmus", "Jarníkův algoritmus.csproj", "{A45B5208-9F2C-4C54-ACE6-3CE15FB62CC2}"
EndProject
Global
	GlobalSection(SolutionConfigurationPlatforms) = preSolution
		Debug|Any CPU = Debug|Any CPU
		Release|Any CPU = Release|Any CPU
	EndGlobalSection
	GlobalSection(ProjectConfigurationPlatforms) = postSolution
		{A45B5208-9F2C-4C54-ACE6-3CE15FB62CC2}.Debug|Any CPU.ActiveCfg = Debug|Any CPU
		{A45B5208-9F2C-4C54-ACE6-3CE15FB62CC2}.Debug|Any CPU.Build.0 = Debug|Any CPU
		{A45B5208-9F2C-4C54-ACE6-3CE15FB62CC2}.Release|Any CPU.ActiveCfg = Release|Any CPU
		{A45B5208-9F2C-4C54-ACE6-3CE15FB62CC2}.Release|Any CPU.Build.0 = Release|Any CPU
	EndGlobalSection
	GlobalSection(SolutionProperties) = preSolution
		HideSolutionNode = FALSE
	EndGlobalSection
	GlobalSection(ExtensibilityGlobals) = postSolution
		SolutionGuid = {0EFC6FB0-CB75-4183-8771-24EA77AF0AED}
	EndGlobalSection
EndGlobal
