
Microsoft Visual Studio Solution File, Format Version 12.00
# Visual Studio Version 17
VisualStudioVersion = 17.11.35312.102
MinimumVisualStudioVersion = 10.0.40219.1
Project("{FAE04EC0-301F-11D3-BF4B-00C04F79EFBC}") = "Fronta a zásobník", "Fronta a zásobník.csproj", "{84634CC2-5851-40E4-90BB-A597D20C7EA0}"
EndProject
Global
	GlobalSection(SolutionConfigurationPlatforms) = preSolution
		Debug|Any CPU = Debug|Any CPU
		Release|Any CPU = Release|Any CPU
	EndGlobalSection
	GlobalSection(ProjectConfigurationPlatforms) = postSolution
		{84634CC2-5851-40E4-90BB-A597D20C7EA0}.Debug|Any CPU.ActiveCfg = Debug|Any CPU
		{84634CC2-5851-40E4-90BB-A597D20C7EA0}.Debug|Any CPU.Build.0 = Debug|Any CPU
		{84634CC2-5851-40E4-90BB-A597D20C7EA0}.Release|Any CPU.ActiveCfg = Release|Any CPU
		{84634CC2-5851-40E4-90BB-A597D20C7EA0}.Release|Any CPU.Build.0 = Release|Any CPU
	EndGlobalSection
	GlobalSection(SolutionProperties) = preSolution
		HideSolutionNode = FALSE
	EndGlobalSection
	GlobalSection(ExtensibilityGlobals) = postSolution
		SolutionGuid = {27D99915-54A4-482D-9D6F-1FE604D50DCC}
	EndGlobalSection
EndGlobal
